
Microsoft Visual Studio Solution File, Format Version 12.00
# Visual Studio Version 16
VisualStudioVersion = 16.0.31613.86
MinimumVisualStudioVersion = 10.0.40219.1
Project("{FAE04EC0-301F-11D3-BF4B-00C04F79EFBC}") = "Prueba 5", "Prueba 5.csproj", "{971F994D-25D0-4704-AB87-02D76CCA2768}"
EndProject
Global
	GlobalSection(SolutionConfigurationPlatforms) = preSolution
		Debug|Any CPU = Debug|Any CPU
		Release|Any CPU = Release|Any CPU
	EndGlobalSection
	GlobalSection(ProjectConfigurationPlatforms) = postSolution
		{971F994D-25D0-4704-AB87-02D76CCA2768}.Debug|Any CPU.ActiveCfg = Debug|Any CPU
		{971F994D-25D0-4704-AB87-02D76CCA2768}.Debug|Any CPU.Build.0 = Debug|Any CPU
		{971F994D-25D0-4704-AB87-02D76CCA2768}.Release|Any CPU.ActiveCfg = Release|Any CPU
		{971F994D-25D0-4704-AB87-02D76CCA2768}.Release|Any CPU.Build.0 = Release|Any CPU
	EndGlobalSection
	GlobalSection(SolutionProperties) = preSolution
		HideSolutionNode = FALSE
	EndGlobalSection
	GlobalSection(ExtensibilityGlobals) = postSolution
		SolutionGuid = {ED3687CC-F8EA-463C-9B05-1AF8CF057F83}
	EndGlobalSection
EndGlobal
